
Microsoft Visual Studio Solution File, Format Version 12.00
# Visual Studio 15
VisualStudioVersion = 15.0.28307.572
MinimumVisualStudioVersion = 10.0.40219.1
Project("{FAE04EC0-301F-11D3-BF4B-00C04F79EFBC}") = "Abstract Rock Paper Scissors", "Abstract Rock Paper Scissors\Abstract Rock Paper Scissors.csproj", "{A42E4FD2-829B-4AC8-967F-D0507D530596}"
EndProject
Global
	GlobalSection(SolutionConfigurationPlatforms) = preSolution
		Debug|Any CPU = Debug|Any CPU
		Release|Any CPU = Release|Any CPU
	EndGlobalSection
	GlobalSection(ProjectConfigurationPlatforms) = postSolution
		{A42E4FD2-829B-4AC8-967F-D0507D530596}.Debug|Any CPU.ActiveCfg = Debug|Any CPU
		{A42E4FD2-829B-4AC8-967F-D0507D530596}.Debug|Any CPU.Build.0 = Debug|Any CPU
		{A42E4FD2-829B-4AC8-967F-D0507D530596}.Release|Any CPU.ActiveCfg = Release|Any CPU
		{A42E4FD2-829B-4AC8-967F-D0507D530596}.Release|Any CPU.Build.0 = Release|Any CPU
	EndGlobalSection
	GlobalSection(SolutionProperties) = preSolution
		HideSolutionNode = FALSE
	EndGlobalSection
	GlobalSection(ExtensibilityGlobals) = postSolution
		SolutionGuid = {325786FD-40EE-4D93-BF0B-46C926792567}
	EndGlobalSection
EndGlobal
